
Microsoft Visual Studio Solution File, Format Version 12.00
# Visual Studio Version 16
VisualStudioVersion = 16.0.30204.135
MinimumVisualStudioVersion = 10.0.40219.1
Project("{FAE04EC0-301F-11D3-BF4B-00C04F79EFBC}") = "today080620", "MVC1\today080620.csproj", "{422BA242-C110-4F31-9803-5762905B9F78}"
EndProject
Global
	GlobalSection(SolutionConfigurationPlatforms) = preSolution
		Debug|Any CPU = Debug|Any CPU
		Release|Any CPU = Release|Any CPU
		today080620|Any CPU = today080620|Any CPU
	EndGlobalSection
	GlobalSection(ProjectConfigurationPlatforms) = postSolution
		{422BA242-C110-4F31-9803-5762905B9F78}.Debug|Any CPU.ActiveCfg = Debug|Any CPU
		{422BA242-C110-4F31-9803-5762905B9F78}.Debug|Any CPU.Build.0 = Debug|Any CPU
		{422BA242-C110-4F31-9803-5762905B9F78}.Release|Any CPU.ActiveCfg = Release|Any CPU
		{422BA242-C110-4F31-9803-5762905B9F78}.Release|Any CPU.Build.0 = Release|Any CPU
		{422BA242-C110-4F31-9803-5762905B9F78}.today080620|Any CPU.ActiveCfg = today080620|Any CPU
		{422BA242-C110-4F31-9803-5762905B9F78}.today080620|Any CPU.Build.0 = today080620|Any CPU
	EndGlobalSection
	GlobalSection(SolutionProperties) = preSolution
		HideSolutionNode = FALSE
	EndGlobalSection
	GlobalSection(ExtensibilityGlobals) = postSolution
		SolutionGuid = {948EADFB-105D-4330-BA19-4576A7E0D295}
	EndGlobalSection
EndGlobal
